
Microsoft Visual Studio Solution File, Format Version 12.00
# Visual Studio Version 16
VisualStudioVersion = 16.0.29613.14
MinimumVisualStudioVersion = 10.0.40219.1
Project("{FAE04EC0-301F-11D3-BF4B-00C04F79EFBC}") = "MX_vs_ATV_Ult_RTE_Tool", "MX_vs_ATV_Ult_RTE_Tool\MX_vs_ATV_Ult_RTE_Tool.csproj", "{F00E53BF-6EEB-469D-B8F4-FE201351621C}"
EndProject
Global
	GlobalSection(SolutionConfigurationPlatforms) = preSolution
		Debug|Any CPU = Debug|Any CPU
		Release|Any CPU = Release|Any CPU
	EndGlobalSection
	GlobalSection(ProjectConfigurationPlatforms) = postSolution
		{F00E53BF-6EEB-469D-B8F4-FE201351621C}.Debug|Any CPU.ActiveCfg = Debug|Any CPU
		{F00E53BF-6EEB-469D-B8F4-FE201351621C}.Debug|Any CPU.Build.0 = Debug|Any CPU
		{F00E53BF-6EEB-469D-B8F4-FE201351621C}.Release|Any CPU.ActiveCfg = Release|Any CPU
		{F00E53BF-6EEB-469D-B8F4-FE201351621C}.Release|Any CPU.Build.0 = Release|Any CPU
	EndGlobalSection
	GlobalSection(SolutionProperties) = preSolution
		HideSolutionNode = FALSE
	EndGlobalSection
	GlobalSection(ExtensibilityGlobals) = postSolution
		SolutionGuid = {3E355F9C-74DB-4A6B-9DF8-3CAFF62B901A}
	EndGlobalSection
EndGlobal
